
Microsoft Visual Studio Solution File, Format Version 12.00
# Visual Studio 15
VisualStudioVersion = 15.0.28307.168
MinimumVisualStudioVersion = 10.0.40219.1
Project("{9A19103F-16F7-4668-BE54-9A1E7A4F7556}") = "TestTask.Web", "TestTask\TestTask.Web.csproj", "{B314979E-DC94-49CB-BFD3-9D96D2F96604}"
EndProject
Project("{FAE04EC0-301F-11D3-BF4B-00C04F79EFBC}") = "TestTask.Data", "TestTask.Data\TestTask.Data.csproj", "{7289C5EA-1BF0-497A-9D23-6070DD262E83}"
EndProject
Project("{FAE04EC0-301F-11D3-BF4B-00C04F79EFBC}") = "TestTast.Application", "TestTast.Application\TestTast.Application.csproj", "{DF4093E8-4807-4237-AEF1-E41EF91CAE93}"
EndProject
Global
	GlobalSection(SolutionConfigurationPlatforms) = preSolution
		Debug|Any CPU = Debug|Any CPU
		Release|Any CPU = Release|Any CPU
	EndGlobalSection
	GlobalSection(ProjectConfigurationPlatforms) = postSolution
		{B314979E-DC94-49CB-BFD3-9D96D2F96604}.Debug|Any CPU.ActiveCfg = Debug|Any CPU
		{B314979E-DC94-49CB-BFD3-9D96D2F96604}.Debug|Any CPU.Build.0 = Debug|Any CPU
		{B314979E-DC94-49CB-BFD3-9D96D2F96604}.Release|Any CPU.ActiveCfg = Release|Any CPU
		{B314979E-DC94-49CB-BFD3-9D96D2F96604}.Release|Any CPU.Build.0 = Release|Any CPU
		{7289C5EA-1BF0-497A-9D23-6070DD262E83}.Debug|Any CPU.ActiveCfg = Debug|Any CPU
		{7289C5EA-1BF0-497A-9D23-6070DD262E83}.Debug|Any CPU.Build.0 = Debug|Any CPU
		{7289C5EA-1BF0-497A-9D23-6070DD262E83}.Release|Any CPU.ActiveCfg = Release|Any CPU
		{7289C5EA-1BF0-497A-9D23-6070DD262E83}.Release|Any CPU.Build.0 = Release|Any CPU
		{DF4093E8-4807-4237-AEF1-E41EF91CAE93}.Debug|Any CPU.ActiveCfg = Debug|Any CPU
		{DF4093E8-4807-4237-AEF1-E41EF91CAE93}.Debug|Any CPU.Build.0 = Debug|Any CPU
		{DF4093E8-4807-4237-AEF1-E41EF91CAE93}.Release|Any CPU.ActiveCfg = Release|Any CPU
		{DF4093E8-4807-4237-AEF1-E41EF91CAE93}.Release|Any CPU.Build.0 = Release|Any CPU
	EndGlobalSection
	GlobalSection(SolutionProperties) = preSolution
		HideSolutionNode = FALSE
	EndGlobalSection
	GlobalSection(ExtensibilityGlobals) = postSolution
		SolutionGuid = {4D139001-0BD0-426A-986A-C27B7A920310}
	EndGlobalSection
EndGlobal
